# This file is automatically @generated by Cargo.
# It is not intended for manual editing.
version = 3

[[package]]
name = "arithmetic"
version = "0.1.0"

[[package]]
name = "control_flow"
version = "0.1.0"

[[package]]
name = "libraries"
version = "0.1.0"

[[package]]
name = "oop"
version = "0.1.0"

[[package]]
name = "types"
version = "0.1.0"

[[package]]
name = "variables"
version = "0.1.0"
